
Microsoft Visual Studio Solution File, Format Version 12.00
# Visual Studio 15
VisualStudioVersion = 15.0.26124.0
MinimumVisualStudioVersion = 15.0.26124.0
Project("{2150E333-8FDC-42A3-9474-1A3956D46DE8}") = "src", "src", "{F8BCCD91-8720-45AA-9883-9DA1A8434CA1}"
EndProject
Project("{FAE04EC0-301F-11D3-BF4B-00C04F79EFBC}") = "Csissors", "src\Csissors\Csissors.csproj", "{AC5650B8-5F86-47A6-BB8B-06648BD04B26}"
EndProject
Project("{FAE04EC0-301F-11D3-BF4B-00C04F79EFBC}") = "Csissors.Postgres", "src\Csissors.Postgres\Csissors.Postgres.csproj", "{1822B42A-686C-47A1-8916-F9844D4E77DE}"
EndProject
Project("{FAE04EC0-301F-11D3-BF4B-00C04F79EFBC}") = "Csissors.Redis", "src\Csissors.Redis\Csissors.Redis.csproj", "{33C305CB-ECB0-4F3D-89CD-B352CD3F6275}"
EndProject
Project("{FAE04EC0-301F-11D3-BF4B-00C04F79EFBC}") = "Csissors.Serialization", "src\Csissors.Serialization\Csissors.Serialization.csproj", "{912B2932-EC37-468B-A7C3-480534052C2F}"
EndProject
Project("{2150E333-8FDC-42A3-9474-1A3956D46DE8}") = "tests", "tests", "{19BF5651-656E-43A2-8F3B-07D386A02931}"
EndProject
Project("{FAE04EC0-301F-11D3-BF4B-00C04F79EFBC}") = "Csissors.Tests", "tests\Csissors.Tests\Csissors.Tests.csproj", "{18B6B483-C8B6-40F7-8776-A83B7A97B083}"
EndProject
Project("{2150E333-8FDC-42A3-9474-1A3956D46DE8}") = "examples", "examples", "{8E9FC68F-94D8-48C7-A482-384C6D3B7050}"
EndProject
Project("{FAE04EC0-301F-11D3-BF4B-00C04F79EFBC}") = "Csissors.Demo", "examples\Csissors.Demo\Csissors.Demo.csproj", "{78C7D53E-2736-46A6-9A47-42B2F25632B2}"
EndProject
Project("{FAE04EC0-301F-11D3-BF4B-00C04F79EFBC}") = "Csissors.Benchmark", "examples\Csissors.Benchmark\Csissors.Benchmark.csproj", "{EF0AAAFB-D340-43EC-A82D-BAEA2EC07B62}"
EndProject
Global
	GlobalSection(SolutionConfigurationPlatforms) = preSolution
		Debug|Any CPU = Debug|Any CPU
		Debug|x64 = Debug|x64
		Debug|x86 = Debug|x86
		Release|Any CPU = Release|Any CPU
		Release|x64 = Release|x64
		Release|x86 = Release|x86
	EndGlobalSection
	GlobalSection(SolutionProperties) = preSolution
		HideSolutionNode = FALSE
	EndGlobalSection
	GlobalSection(ProjectConfigurationPlatforms) = postSolution
		{AC5650B8-5F86-47A6-BB8B-06648BD04B26}.Debug|Any CPU.ActiveCfg = Debug|Any CPU
		{AC5650B8-5F86-47A6-BB8B-06648BD04B26}.Debug|Any CPU.Build.0 = Debug|Any CPU
		{AC5650B8-5F86-47A6-BB8B-06648BD04B26}.Debug|x64.ActiveCfg = Debug|Any CPU
		{AC5650B8-5F86-47A6-BB8B-06648BD04B26}.Debug|x64.Build.0 = Debug|Any CPU
		{AC5650B8-5F86-47A6-BB8B-06648BD04B26}.Debug|x86.ActiveCfg = Debug|Any CPU
		{AC5650B8-5F86-47A6-BB8B-06648BD04B26}.Debug|x86.Build.0 = Debug|Any CPU
		{AC5650B8-5F86-47A6-BB8B-06648BD04B26}.Release|Any CPU.ActiveCfg = Release|Any CPU
		{AC5650B8-5F86-47A6-BB8B-06648BD04B26}.Release|Any CPU.Build.0 = Release|Any CPU
		{AC5650B8-5F86-47A6-BB8B-06648BD04B26}.Release|x64.ActiveCfg = Release|Any CPU
		{AC5650B8-5F86-47A6-BB8B-06648BD04B26}.Release|x64.Build.0 = Release|Any CPU
		{AC5650B8-5F86-47A6-BB8B-06648BD04B26}.Release|x86.ActiveCfg = Release|Any CPU
		{AC5650B8-5F86-47A6-BB8B-06648BD04B26}.Release|x86.Build.0 = Release|Any CPU
		{1822B42A-686C-47A1-8916-F9844D4E77DE}.Debug|Any CPU.ActiveCfg = Debug|Any CPU
		{1822B42A-686C-47A1-8916-F9844D4E77DE}.Debug|Any CPU.Build.0 = Debug|Any CPU
		{1822B42A-686C-47A1-8916-F9844D4E77DE}.Debug|x64.ActiveCfg = Debug|Any CPU
		{1822B42A-686C-47A1-8916-F9844D4E77DE}.Debug|x64.Build.0 = Debug|Any CPU
		{1822B42A-686C-47A1-8916-F9844D4E77DE}.Debug|x86.ActiveCfg = Debug|Any CPU
		{1822B42A-686C-47A1-8916-F9844D4E77DE}.Debug|x86.Build.0 = Debug|Any CPU
		{1822B42A-686C-47A1-8916-F9844D4E77DE}.Release|Any CPU.ActiveCfg = Release|Any CPU
		{1822B42A-686C-47A1-8916-F9844D4E77DE}.Release|Any CPU.Build.0 = Release|Any CPU
		{1822B42A-686C-47A1-8916-F9844D4E77DE}.Release|x64.ActiveCfg = Release|Any CPU
		{1822B42A-686C-47A1-8916-F9844D4E77DE}.Release|x64.Build.0 = Release|Any CPU
		{1822B42A-686C-47A1-8916-F9844D4E77DE}.Release|x86.ActiveCfg = Release|Any CPU
		{1822B42A-686C-47A1-8916-F9844D4E77DE}.Release|x86.Build.0 = Release|Any CPU
		{33C305CB-ECB0-4F3D-89CD-B352CD3F6275}.Debug|Any CPU.ActiveCfg = Debug|Any CPU
		{33C305CB-ECB0-4F3D-89CD-B352CD3F6275}.Debug|Any CPU.Build.0 = Debug|Any CPU
		{33C305CB-ECB0-4F3D-89CD-B352CD3F6275}.Debug|x64.ActiveCfg = Debug|Any CPU
		{33C305CB-ECB0-4F3D-89CD-B352CD3F6275}.Debug|x64.Build.0 = Debug|Any CPU
		{33C305CB-ECB0-4F3D-89CD-B352CD3F6275}.Debug|x86.ActiveCfg = Debug|Any CPU
		{33C305CB-ECB0-4F3D-89CD-B352CD3F6275}.Debug|x86.Build.0 = Debug|Any CPU
		{33C305CB-ECB0-4F3D-89CD-B352CD3F6275}.Release|Any CPU.ActiveCfg = Release|Any CPU
		{33C305CB-ECB0-4F3D-89CD-B352CD3F6275}.Release|Any CPU.Build.0 = Release|Any CPU
		{33C305CB-ECB0-4F3D-89CD-B352CD3F6275}.Release|x64.ActiveCfg = Release|Any CPU
		{33C305CB-ECB0-4F3D-89CD-B352CD3F6275}.Release|x64.Build.0 = Release|Any CPU
		{33C305CB-ECB0-4F3D-89CD-B352CD3F6275}.Release|x86.ActiveCfg = Release|Any CPU
		{33C305CB-ECB0-4F3D-89CD-B352CD3F6275}.Release|x86.Build.0 = Release|Any CPU
		{912B2932-EC37-468B-A7C3-480534052C2F}.Debug|Any CPU.ActiveCfg = Debug|Any CPU
		{912B2932-EC37-468B-A7C3-480534052C2F}.Debug|Any CPU.Build.0 = Debug|Any CPU
		{912B2932-EC37-468B-A7C3-480534052C2F}.Debug|x64.ActiveCfg = Debug|Any CPU
		{912B2932-EC37-468B-A7C3-480534052C2F}.Debug|x64.Build.0 = Debug|Any CPU
		{912B2932-EC37-468B-A7C3-480534052C2F}.Debug|x86.ActiveCfg = Debug|Any CPU
		{912B2932-EC37-468B-A7C3-480534052C2F}.Debug|x86.Build.0 = Debug|Any CPU
		{912B2932-EC37-468B-A7C3-480534052C2F}.Release|Any CPU.ActiveCfg = Release|Any CPU
		{912B2932-EC37-468B-A7C3-480534052C2F}.Release|Any CPU.Build.0 = Release|Any CPU
		{912B2932-EC37-468B-A7C3-480534052C2F}.Release|x64.ActiveCfg = Release|Any CPU
		{912B2932-EC37-468B-A7C3-480534052C2F}.Release|x64.Build.0 = Release|Any CPU
		{912B2932-EC37-468B-A7C3-480534052C2F}.Release|x86.ActiveCfg = Release|Any CPU
		{912B2932-EC37-468B-A7C3-480534052C2F}.Release|x86.Build.0 = Release|Any CPU
		{18B6B483-C8B6-40F7-8776-A83B7A97B083}.Debug|Any CPU.ActiveCfg = Debug|Any CPU
		{18B6B483-C8B6-40F7-8776-A83B7A97B083}.Debug|Any CPU.Build.0 = Debug|Any CPU
		{18B6B483-C8B6-40F7-8776-A83B7A97B083}.Debug|x64.ActiveCfg = Debug|Any CPU
		{18B6B483-C8B6-40F7-8776-A83B7A97B083}.Debug|x64.Build.0 = Debug|Any CPU
		{18B6B483-C8B6-40F7-8776-A83B7A97B083}.Debug|x86.ActiveCfg = Debug|Any CPU
		{18B6B483-C8B6-40F7-8776-A83B7A97B083}.Debug|x86.Build.0 = Debug|Any CPU
		{18B6B483-C8B6-40F7-8776-A83B7A97B083}.Release|Any CPU.ActiveCfg = Release|Any CPU
		{18B6B483-C8B6-40F7-8776-A83B7A97B083}.Release|Any CPU.Build.0 = Release|Any CPU
		{18B6B483-C8B6-40F7-8776-A83B7A97B083}.Release|x64.ActiveCfg = Release|Any CPU
		{18B6B483-C8B6-40F7-8776-A83B7A97B083}.Release|x64.Build.0 = Release|Any CPU
		{18B6B483-C8B6-40F7-8776-A83B7A97B083}.Release|x86.ActiveCfg = Release|Any CPU
		{18B6B483-C8B6-40F7-8776-A83B7A97B083}.Release|x86.Build.0 = Release|Any CPU
		{78C7D53E-2736-46A6-9A47-42B2F25632B2}.Debug|Any CPU.ActiveCfg = Debug|Any CPU
		{78C7D53E-2736-46A6-9A47-42B2F25632B2}.Debug|Any CPU.Build.0 = Debug|Any CPU
		{78C7D53E-2736-46A6-9A47-42B2F25632B2}.Debug|x64.ActiveCfg = Debug|Any CPU
		{78C7D53E-2736-46A6-9A47-42B2F25632B2}.Debug|x64.Build.0 = Debug|Any CPU
		{78C7D53E-2736-46A6-9A47-42B2F25632B2}.Debug|x86.ActiveCfg = Debug|Any CPU
		{78C7D53E-2736-46A6-9A47-42B2F25632B2}.Debug|x86.Build.0 = Debug|Any CPU
		{78C7D53E-2736-46A6-9A47-42B2F25632B2}.Release|Any CPU.ActiveCfg = Release|Any CPU
		{78C7D53E-2736-46A6-9A47-42B2F25632B2}.Release|Any CPU.Build.0 = Release|Any CPU
		{78C7D53E-2736-46A6-9A47-42B2F25632B2}.Release|x64.ActiveCfg = Release|Any CPU
		{78C7D53E-2736-46A6-9A47-42B2F25632B2}.Release|x64.Build.0 = Release|Any CPU
		{78C7D53E-2736-46A6-9A47-42B2F25632B2}.Release|x86.ActiveCfg = Release|Any CPU
		{78C7D53E-2736-46A6-9A47-42B2F25632B2}.Release|x86.Build.0 = Release|Any CPU
		{EF0AAAFB-D340-43EC-A82D-BAEA2EC07B62}.Debug|Any CPU.ActiveCfg = Debug|Any CPU
		{EF0AAAFB-D340-43EC-A82D-BAEA2EC07B62}.Debug|Any CPU.Build.0 = Debug|Any CPU
		{EF0AAAFB-D340-43EC-A82D-BAEA2EC07B62}.Debug|x64.ActiveCfg = Debug|Any CPU
		{EF0AAAFB-D340-43EC-A82D-BAEA2EC07B62}.Debug|x64.Build.0 = Debug|Any CPU
		{EF0AAAFB-D340-43EC-A82D-BAEA2EC07B62}.Debug|x86.ActiveCfg = Debug|Any CPU
		{EF0AAAFB-D340-43EC-A82D-BAEA2EC07B62}.Debug|x86.Build.0 = Debug|Any CPU
		{EF0AAAFB-D340-43EC-A82D-BAEA2EC07B62}.Release|Any CPU.ActiveCfg = Release|Any CPU
		{EF0AAAFB-D340-43EC-A82D-BAEA2EC07B62}.Release|Any CPU.Build.0 = Release|Any CPU
		{EF0AAAFB-D340-43EC-A82D-BAEA2EC07B62}.Release|x64.ActiveCfg = Release|Any CPU
		{EF0AAAFB-D340-43EC-A82D-BAEA2EC07B62}.Release|x64.Build.0 = Release|Any CPU
		{EF0AAAFB-D340-43EC-A82D-BAEA2EC07B62}.Release|x86.ActiveCfg = Release|Any CPU
		{EF0AAAFB-D340-43EC-A82D-BAEA2EC07B62}.Release|x86.Build.0 = Release|Any CPU
	EndGlobalSection
	GlobalSection(NestedProjects) = preSolution
		{AC5650B8-5F86-47A6-BB8B-06648BD04B26} = {F8BCCD91-8720-45AA-9883-9DA1A8434CA1}
		{1822B42A-686C-47A1-8916-F9844D4E77DE} = {F8BCCD91-8720-45AA-9883-9DA1A8434CA1}
		{33C305CB-ECB0-4F3D-89CD-B352CD3F6275} = {F8BCCD91-8720-45AA-9883-9DA1A8434CA1}
		{912B2932-EC37-468B-A7C3-480534052C2F} = {F8BCCD91-8720-45AA-9883-9DA1A8434CA1}
		{18B6B483-C8B6-40F7-8776-A83B7A97B083} = {19BF5651-656E-43A2-8F3B-07D386A02931}
		{78C7D53E-2736-46A6-9A47-42B2F25632B2} = {8E9FC68F-94D8-48C7-A482-384C6D3B7050}
		{EF0AAAFB-D340-43EC-A82D-BAEA2EC07B62} = {8E9FC68F-94D8-48C7-A482-384C6D3B7050}
	EndGlobalSection
EndGlobal
